// !$*UTF8*$!
{
	archiveVersion = 1;
	classes = {
	};
	objectVersion = 77;
	objects = {

/* Begin PBXBuildFile section */
		9900AAAA2E680000000000AA /* ObjectTracker.swift in Sources */ = {isa = PBXBuildFile; fileRef = 9900AAAB2E680000000000AA /* ObjectTracker.swift */; };
		990EECF12E489EBD00B7CD8C /* LICENSE in Resources */ = {isa = PBXBuildFile; fileRef = 990EECF02E489EBD00B7CD8C /* LICENSE */; };
		9919DE3D2E50A7BC0053038B /* SpanishTranslationEngine.swift in Sources */ = {isa = PBXBuildFile; fileRef = 9919DE3C2E50A79F0053038B /* SpanishTranslationEngine.swift */; };
		993E64252E4DC654000B362C /* MemoryManager.swift in Sources */ = {isa = PBXBuildFile; fileRef = 993E64242E4DC654000B362C /* MemoryManager.swift */; };
		99489BB42E4724F600FFB06A /* DevicePerf.swift in Sources */ = {isa = PBXBuildFile; fileRef = 99489BB32E4724EF00FFB06A /* DevicePerf.swift */; };
		99502F922E5099530064DD92 /* HomeView.swift in Sources */ = {isa = PBXBuildFile; fileRef = 99502F912E50993F0064DD92 /* HomeView.swift */; };
		99502F942E509A440064DD92 /* UIComponents.swift in Sources */ = {isa = PBXBuildFile; fileRef = 99502F932E509A3F0064DD92 /* UIComponents.swift */; };
		996522532E3D8D680025D82D /* SettingsOverlayView.swift in Sources */ = {isa = PBXBuildFile; fileRef = 996522522E3D8D640025D82D /* SettingsOverlayView.swift */; };
		996869022E513779001898DB /* ResourceManager.swift in Sources */ = {isa = PBXBuildFile; fileRef = 996869012E513773001898DB /* ResourceManager.swift */; };
		9968DE152E532EBF00629ECE /* DebouncedButton.swift in Sources */ = {isa = PBXBuildFile; fileRef = 9968DE142E532EBF00629ECE /* DebouncedButton.swift */; };
		996AFA342E4D7D6C009D4FAE /* ButtonPressDebouncer.swift in Sources */ = {isa = PBXBuildFile; fileRef = 996AFA332E4D7D6C009D4FAE /* ButtonPressDebouncer.swift */; };
		996B92FF2E3894BF00AE22AA /* class_names.txt in Resources */ = {isa = PBXBuildFile; fileRef = 996B92FE2E3894BF00AE22AA /* class_names.txt */; };
		996B93022E38A15B00AE22AA /* Metal.framework in Frameworks */ = {isa = PBXBuildFile; fileRef = 996B93012E38A15B00AE22AA /* Metal.framework */; };
		996B93042E38A16400AE22AA /* MetalKit.framework in Frameworks */ = {isa = PBXBuildFile; fileRef = 996B93032E38A16400AE22AA /* MetalKit.framework */; };
		996B93062E38A17000AE22AA /* MetalPerformanceShaders.framework in Frameworks */ = {isa = PBXBuildFile; fileRef = 996B93052E38A17000AE22AA /* MetalPerformanceShaders.framework */; };
		996B93082E38A17F00AE22AA /* CoreImage.framework in Frameworks */ = {isa = PBXBuildFile; fileRef = 996B93072E38A17F00AE22AA /* CoreImage.framework */; };
		996B930A2E38A18E00AE22AA /* CoreVideo.framework in Frameworks */ = {isa = PBXBuildFile; fileRef = 996B93092E38A18E00AE22AA /* CoreVideo.framework */; };
		996B930C2E38A1A500AE22AA /* AVFoundation.framework in Frameworks */ = {isa = PBXBuildFile; fileRef = 996B930B2E38A1A500AE22AA /* AVFoundation.framework */; };
		996B930E2E38A24400AE22AA /* MetalImageResizer.swift in Sources */ = {isa = PBXBuildFile; fileRef = 996B930D2E38A23900AE22AA /* MetalImageResizer.swift */; };
		996B93102E38A26B00AE22AA /* Shader.metal in Sources */ = {isa = PBXBuildFile; fileRef = 996B930F2E38A26400AE22AA /* Shader.metal */; };
		996F5DE02E41DF120087DEE0 /* TorchControlView.swift in Sources */ = {isa = PBXBuildFile; fileRef = 996F5DDF2E41DF0E0087DEE0 /* TorchControlView.swift */; };
		998D7F862E47856C002A9A09 /* LiDARManager.swift in Sources */ = {isa = PBXBuildFile; fileRef = 998D7F852E47855E002A9A09 /* LiDARManager.swift */; };
		9998FD842E3B40E3006F41F7 /* Translation.framework in Frameworks */ = {isa = PBXBuildFile; fileRef = 9998FD832E3B40E3006F41F7 /* Translation.framework */; };
		9998FD862E3B4209006F41F7 /* LiveOCRViewModel.swift in Sources */ = {isa = PBXBuildFile; fileRef = 9998FD852E3B4200006F41F7 /* LiveOCRViewModel.swift */; };
		9998FD8C2E3B4E85006F41F7 /* LiveOCRView.swift in Sources */ = {isa = PBXBuildFile; fileRef = 9998FD872E3B4615006F41F7 /* LiveOCRView.swift */; };
		9998FD942E3B5AA6006F41F7 /* CameraPreview.swift in Sources */ = {isa = PBXBuildFile; fileRef = 9998FD912E3B5A4E006F41F7 /* CameraPreview.swift */; };
		99A151702E4F435D0009A542 /* ObjectDetectionView.swift in Sources */ = {isa = PBXBuildFile; fileRef = 99A1516F2E4F43570009A542 /* ObjectDetectionView.swift */; };
		99A922CA2E39BA0E0070BDB5 /* yolov8n_oiv7.mlpackage in Sources */ = {isa = PBXBuildFile; fileRef = 99A922C92E39BA0E0070BDB5 /* yolov8n_oiv7.mlpackage */; };
		99A922CC2E39BB7A0070BDB5 /* Accelerate.framework in Frameworks */ = {isa = PBXBuildFile; fileRef = 99A922CB2E39BB7A0070BDB5 /* Accelerate.framework */; };
		99A922CE2E39BB8C0070BDB5 /* Vision.framework in Frameworks */ = {isa = PBXBuildFile; fileRef = 99A922CD2E39BB8C0070BDB5 /* Vision.framework */; };
		99BA105D2E34CFD7001E5140 /* YOLOv8Processor.swift in Sources */ = {isa = PBXBuildFile; fileRef = 99BA105C2E34CFD0001E5140 /* YOLOv8Processor.swift */; };
		99BA105F2E34D10B001E5140 /* CameraViewModel.swift in Sources */ = {isa = PBXBuildFile; fileRef = 99BA105E2E34D107001E5140 /* CameraViewModel.swift */; };
		99BA10612E34D126001E5140 /* YOLODetection.swift in Sources */ = {isa = PBXBuildFile; fileRef = 99BA10602E34D11C001E5140 /* YOLODetection.swift */; };
		99BA10632E34D13E001E5140 /* DetectionOverlayView.swift in Sources */ = {isa = PBXBuildFile; fileRef = 99BA10622E34D134001E5140 /* DetectionOverlayView.swift */; };
		99BA10652E34D251001E5140 /* CameraView.swift in Sources */ = {isa = PBXBuildFile; fileRef = 99BA10642E34D23D001E5140 /* CameraView.swift */; };
		99D3023C2E3CF34A00CAF01A /* SpeechManager.swift in Sources */ = {isa = PBXBuildFile; fileRef = 99D3023B2E3CF34700CAF01A /* SpeechManager.swift */; };
		99D77E892E4359E8005583DC /* AppInstructionsView.swift in Sources */ = {isa = PBXBuildFile; fileRef = 99D77E882E4359E8005583DC /* AppInstructionsView.swift */; };
		99D7E6A72E47639F007BBFB7 /* PrivacyInfo.xcprivacy in Resources */ = {isa = PBXBuildFile; fileRef = 99D7E6A42E4761E9007BBFB7 /* PrivacyInfo.xcprivacy */; };
		99EE6CEF2E67071800A2F3F3 /* es_final_with_rules.json.gz in Resources */ = {isa = PBXBuildFile; fileRef = 99EE6CEE2E67071800A2F3F3 /* es_final_with_rules.json.gz */; };
/* End PBXBuildFile section */

/* Begin PBXContainerItemProxy section */
		99BA103E2E34CF71001E5140 /* PBXContainerItemProxy */ = {
			isa = PBXContainerItemProxy;
			containerPortal = 99BA10282E34CF71001E5140 /* Project object */;
			proxyType = 1;
			remoteGlobalIDString = 99BA102F2E34CF71001E5140;
			remoteInfo = "project 601";
		};
		99BA10482E34CF71001E5140 /* PBXContainerItemProxy */ = {
			isa = PBXContainerItemProxy;
			containerPortal = 99BA10282E34CF71001E5140 /* Project object */;
			proxyType = 1;
			remoteGlobalIDString = 99BA102F2E34CF71001E5140;
			remoteInfo = "project 601";
		};
/* End PBXContainerItemProxy section */

/* Begin PBXFileReference section */
		9900AAAB2E680000000000AA /* ObjectTracker.swift */ = {isa = PBXFileReference; lastKnownFileType = sourcecode.swift; path = ObjectTracker.swift; sourceTree = "<group>"; };
		990EECF02E489EBD00B7CD8C /* LICENSE */ = {isa = PBXFileReference; lastKnownFileType = text; path = LICENSE; sourceTree = "<group>"; };
		9919DE3C2E50A79F0053038B /* SpanishTranslationEngine.swift */ = {isa = PBXFileReference; lastKnownFileType = sourcecode.swift; path = SpanishTranslationEngine.swift; sourceTree = "<group>"; };
		993E64242E4DC654000B362C /* MemoryManager.swift */ = {isa = PBXFileReference; lastKnownFileType = sourcecode.swift; path = MemoryManager.swift; sourceTree = "<group>"; };
		99489BB32E4724EF00FFB06A /* DevicePerf.swift */ = {isa = PBXFileReference; lastKnownFileType = sourcecode.swift; path = DevicePerf.swift; sourceTree = "<group>"; };
		99502F912E50993F0064DD92 /* HomeView.swift */ = {isa = PBXFileReference; lastKnownFileType = sourcecode.swift; path = HomeView.swift; sourceTree = "<group>"; };
		99502F932E509A3F0064DD92 /* UIComponents.swift */ = {isa = PBXFileReference; lastKnownFileType = sourcecode.swift; path = UIComponents.swift; sourceTree = "<group>"; };
		996522522E3D8D640025D82D /* SettingsOverlayView.swift */ = {isa = PBXFileReference; lastKnownFileType = sourcecode.swift; path = SettingsOverlayView.swift; sourceTree = "<group>"; };
		996869012E513773001898DB /* ResourceManager.swift */ = {isa = PBXFileReference; lastKnownFileType = sourcecode.swift; path = ResourceManager.swift; sourceTree = "<group>"; };
		9968DE142E532EBF00629ECE /* DebouncedButton.swift */ = {isa = PBXFileReference; lastKnownFileType = sourcecode.swift; path = DebouncedButton.swift; sourceTree = "<group>"; };
		996AFA332E4D7D6C009D4FAE /* ButtonPressDebouncer.swift */ = {isa = PBXFileReference; lastKnownFileType = sourcecode.swift; path = ButtonPressDebouncer.swift; sourceTree = "<group>"; };
		996B92FE2E3894BF00AE22AA /* class_names.txt */ = {isa = PBXFileReference; lastKnownFileType = text; path = class_names.txt; sourceTree = "<group>"; };
		996B93012E38A15B00AE22AA /* Metal.framework */ = {isa = PBXFileReference; lastKnownFileType = wrapper.framework; name = Metal.framework; path = System/Library/Frameworks/Metal.framework; sourceTree = SDKROOT; };
		996B93032E38A16400AE22AA /* MetalKit.framework */ = {isa = PBXFileReference; lastKnownFileType = wrapper.framework; name = MetalKit.framework; path = System/Library/Frameworks/MetalKit.framework; sourceTree = SDKROOT; };
		996B93052E38A17000AE22AA /* MetalPerformanceShaders.framework */ = {isa = PBXFileReference; lastKnownFileType = wrapper.framework; name = MetalPerformanceShaders.framework; path = System/Library/Frameworks/MetalPerformanceShaders.framework; sourceTree = SDKROOT; };
		996B93072E38A17F00AE22AA /* CoreImage.framework */ = {isa = PBXFileReference; lastKnownFileType = wrapper.framework; name = CoreImage.framework; path = System/Library/Frameworks/CoreImage.framework; sourceTree = SDKROOT; };
		996B93092E38A18E00AE22AA /* CoreVideo.framework */ = {isa = PBXFileReference; lastKnownFileType = wrapper.framework; name = CoreVideo.framework; path = System/Library/Frameworks/CoreVideo.framework; sourceTree = SDKROOT; };
		996B930B2E38A1A500AE22AA /* AVFoundation.framework */ = {isa = PBXFileReference; lastKnownFileType = wrapper.framework; name = AVFoundation.framework; path = System/Library/Frameworks/AVFoundation.framework; sourceTree = SDKROOT; };
		996B930D2E38A23900AE22AA /* MetalImageResizer.swift */ = {isa = PBXFileReference; lastKnownFileType = sourcecode.swift; path = MetalImageResizer.swift; sourceTree = "<group>"; };
		996B930F2E38A26400AE22AA /* Shader.metal */ = {isa = PBXFileReference; lastKnownFileType = sourcecode.metal; path = Shader.metal; sourceTree = "<group>"; };
		996F5DDF2E41DF0E0087DEE0 /* TorchControlView.swift */ = {isa = PBXFileReference; lastKnownFileType = sourcecode.swift; path = TorchControlView.swift; sourceTree = "<group>"; };
		998D7F852E47855E002A9A09 /* LiDARManager.swift */ = {isa = PBXFileReference; lastKnownFileType = sourcecode.swift; path = LiDARManager.swift; sourceTree = "<group>"; };
		9998FD832E3B40E3006F41F7 /* Translation.framework */ = {isa = PBXFileReference; lastKnownFileType = wrapper.framework; name = Translation.framework; path = System/Library/Frameworks/Translation.framework; sourceTree = SDKROOT; };
		9998FD852E3B4200006F41F7 /* LiveOCRViewModel.swift */ = {isa = PBXFileReference; lastKnownFileType = sourcecode.swift; path = LiveOCRViewModel.swift; sourceTree = "<group>"; };
		9998FD872E3B4615006F41F7 /* LiveOCRView.swift */ = {isa = PBXFileReference; lastKnownFileType = sourcecode.swift; path = LiveOCRView.swift; sourceTree = "<group>"; };
		9998FD912E3B5A4E006F41F7 /* CameraPreview.swift */ = {isa = PBXFileReference; lastKnownFileType = sourcecode.swift; path = CameraPreview.swift; sourceTree = "<group>"; };
		99A1516F2E4F43570009A542 /* ObjectDetectionView.swift */ = {isa = PBXFileReference; lastKnownFileType = sourcecode.swift; path = ObjectDetectionView.swift; sourceTree = "<group>"; };
		99A922C92E39BA0E0070BDB5 /* yolov8n_oiv7.mlpackage */ = {isa = PBXFileReference; lastKnownFileType = folder.mlpackage; path = yolov8n_oiv7.mlpackage; sourceTree = "<group>"; };
		99A922CB2E39BB7A0070BDB5 /* Accelerate.framework */ = {isa = PBXFileReference; lastKnownFileType = wrapper.framework; name = Accelerate.framework; path = System/Library/Frameworks/Accelerate.framework; sourceTree = SDKROOT; };
		99A922CD2E39BB8C0070BDB5 /* Vision.framework */ = {isa = PBXFileReference; lastKnownFileType = wrapper.framework; name = Vision.framework; path = System/Library/Frameworks/Vision.framework; sourceTree = SDKROOT; };
		99BA10302E34CF71001E5140 /* RealTime Ai Cam.app */ = {isa = PBXFileReference; explicitFileType = wrapper.application; includeInIndex = 0; path = "RealTime Ai Cam.app"; sourceTree = BUILT_PRODUCTS_DIR; };
		99BA103D2E34CF71001E5140 /* RealTime Ai CamTests.xctest */ = {isa = PBXFileReference; explicitFileType = wrapper.cfbundle; includeInIndex = 0; path = "RealTime Ai CamTests.xctest"; sourceTree = BUILT_PRODUCTS_DIR; };
		99BA10472E34CF71001E5140 /* RealTime Ai CamUITests.xctest */ = {isa = PBXFileReference; explicitFileType = wrapper.cfbundle; includeInIndex = 0; path = "RealTime Ai CamUITests.xctest"; sourceTree = BUILT_PRODUCTS_DIR; };
		99BA105C2E34CFD0001E5140 /* YOLOv8Processor.swift */ = {isa = PBXFileReference; lastKnownFileType = sourcecode.swift; path = YOLOv8Processor.swift; sourceTree = "<group>"; };
		99BA105E2E34D107001E5140 /* CameraViewModel.swift */ = {isa = PBXFileReference; lastKnownFileType = sourcecode.swift; path = CameraViewModel.swift; sourceTree = "<group>"; };
		99BA10602E34D11C001E5140 /* YOLODetection.swift */ = {isa = PBXFileReference; lastKnownFileType = sourcecode.swift; path = YOLODetection.swift; sourceTree = "<group>"; };
		99BA10622E34D134001E5140 /* DetectionOverlayView.swift */ = {isa = PBXFileReference; lastKnownFileType = sourcecode.swift; path = DetectionOverlayView.swift; sourceTree = "<group>"; };
		99BA10642E34D23D001E5140 /* CameraView.swift */ = {isa = PBXFileReference; lastKnownFileType = sourcecode.swift; path = CameraView.swift; sourceTree = "<group>"; };
		99D3023B2E3CF34700CAF01A /* SpeechManager.swift */ = {isa = PBXFileReference; lastKnownFileType = sourcecode.swift; path = SpeechManager.swift; sourceTree = "<group>"; };
		99D77E882E4359E8005583DC /* AppInstructionsView.swift */ = {isa = PBXFileReference; lastKnownFileType = sourcecode.swift; path = AppInstructionsView.swift; sourceTree = "<group>"; };
		99D7E6A42E4761E9007BBFB7 /* PrivacyInfo.xcprivacy */ = {isa = PBXFileReference; explicitFileType = "text.plist.app-privacy"; path = PrivacyInfo.xcprivacy; sourceTree = "<group>"; };
		99EE6CEE2E67071800A2F3F3 /* es_final_with_rules.json.gz */ = {isa = PBXFileReference; lastKnownFileType = archive.gzip; path = es_final_with_rules.json.gz; sourceTree = "<group>"; };
/* End PBXFileReference section */

/* Begin PBXFileSystemSynchronizedRootGroup section */
		99BA10322E34CF71001E5140 /* project 601 */ = {
			isa = PBXFileSystemSynchronizedRootGroup;
			path = "project 601";
			sourceTree = "<group>";
		};
		99BA10402E34CF71001E5140 /* project 601Tests */ = {
			isa = PBXFileSystemSynchronizedRootGroup;
			path = "project 601Tests";
			sourceTree = "<group>";
		};
		99BA104A2E34CF71001E5140 /* project 601UITests */ = {
			isa = PBXFileSystemSynchronizedRootGroup;
			path = "project 601UITests";
			sourceTree = "<group>";
		};
		99D302382E3CE3D200CAF01A /* Resources */ = {
			isa = PBXFileSystemSynchronizedRootGroup;
			path = Resources;
			sourceTree = "<group>";
		};
/* End PBXFileSystemSynchronizedRootGroup section */

/* Begin PBXFrameworksBuildPhase section */
		99BA102D2E34CF71001E5140 /* Frameworks */ = {
			isa = PBXFrameworksBuildPhase;
			buildActionMask = 2147483647;
			files = (
				996B93022E38A15B00AE22AA /* Metal.framework in Frameworks */,
				99A922CC2E39BB7A0070BDB5 /* Accelerate.framework in Frameworks */,
				996B93062E38A17000AE22AA /* MetalPerformanceShaders.framework in Frameworks */,
				9998FD842E3B40E3006F41F7 /* Translation.framework in Frameworks */,
				996B930C2E38A1A500AE22AA /* AVFoundation.framework in Frameworks */,
				99A922CE2E39BB8C0070BDB5 /* Vision.framework in Frameworks */,
				996B93042E38A16400AE22AA /* MetalKit.framework in Frameworks */,
				996B93082E38A17F00AE22AA /* CoreImage.framework in Frameworks */,
				996B930A2E38A18E00AE22AA /* CoreVideo.framework in Frameworks */,
			);
			runOnlyForDeploymentPostprocessing = 0;
		};
		99BA103A2E34CF71001E5140 /* Frameworks */ = {
			isa = PBXFrameworksBuildPhase;
			buildActionMask = 2147483647;
			files = (
			);
			runOnlyForDeploymentPostprocessing = 0;
		};
		99BA10442E34CF71001E5140 /* Frameworks */ = {
			isa = PBXFrameworksBuildPhase;
			buildActionMask = 2147483647;
			files = (
			);
			runOnlyForDeploymentPostprocessing = 0;
		};
/* End PBXFrameworksBuildPhase section */

/* Begin PBXGroup section */
		996B93002E38A15B00AE22AA /* Frameworks */ = {
			isa = PBXGroup;
			children = (
				9998FD832E3B40E3006F41F7 /* Translation.framework */,
				99A922CD2E39BB8C0070BDB5 /* Vision.framework */,
				99A922CB2E39BB7A0070BDB5 /* Accelerate.framework */,
				996B930B2E38A1A500AE22AA /* AVFoundation.framework */,
				996B93092E38A18E00AE22AA /* CoreVideo.framework */,
				996B93072E38A17F00AE22AA /* CoreImage.framework */,
				996B93052E38A17000AE22AA /* MetalPerformanceShaders.framework */,
				996B93032E38A16400AE22AA /* MetalKit.framework */,
				996B93012E38A15B00AE22AA /* Metal.framework */,
			);
			name = Frameworks;
			sourceTree = "<group>";
		};
		99BA10272E34CF71001E5140 = {
			isa = PBXGroup;
			children = (
				996869012E513773001898DB /* ResourceManager.swift */,
				9919DE3C2E50A79F0053038B /* SpanishTranslationEngine.swift */,
				99502F932E509A3F0064DD92 /* UIComponents.swift */,
				99502F912E50993F0064DD92 /* HomeView.swift */,
				99A1516F2E4F43570009A542 /* ObjectDetectionView.swift */,
				990EECF02E489EBD00B7CD8C /* LICENSE */,
				998D7F852E47855E002A9A09 /* LiDARManager.swift */,
				99D7E6A42E4761E9007BBFB7 /* PrivacyInfo.xcprivacy */,
				99489BB32E4724EF00FFB06A /* DevicePerf.swift */,
				996F5DDF2E41DF0E0087DEE0 /* TorchControlView.swift */,
				996522522E3D8D640025D82D /* SettingsOverlayView.swift */,
				99D3023B2E3CF34700CAF01A /* SpeechManager.swift */,
				99D302382E3CE3D200CAF01A /* Resources */,
				9998FD912E3B5A4E006F41F7 /* CameraPreview.swift */,
				9998FD872E3B4615006F41F7 /* LiveOCRView.swift */,
				9998FD852E3B4200006F41F7 /* LiveOCRViewModel.swift */,
				996B930F2E38A26400AE22AA /* Shader.metal */,
				996B930D2E38A23900AE22AA /* MetalImageResizer.swift */,
				996B92FE2E3894BF00AE22AA /* class_names.txt */,
				99BA10642E34D23D001E5140 /* CameraView.swift */,
				99BA10622E34D134001E5140 /* DetectionOverlayView.swift */,
				99BA10602E34D11C001E5140 /* YOLODetection.swift */,
				9900AAAB2E680000000000AA /* ObjectTracker.swift */,
				99BA105E2E34D107001E5140 /* CameraViewModel.swift */,
				99BA105C2E34CFD0001E5140 /* YOLOv8Processor.swift */,
				99BA10322E34CF71001E5140 /* project 601 */,
				99BA10402E34CF71001E5140 /* project 601Tests */,
				99BA104A2E34CF71001E5140 /* project 601UITests */,
				996B93002E38A15B00AE22AA /* Frameworks */,
				99BA10312E34CF71001E5140 /* Products */,
				99A922C92E39BA0E0070BDB5 /* yolov8n_oiv7.mlpackage */,
				99D77E882E4359E8005583DC /* AppInstructionsView.swift */,
				996AFA332E4D7D6C009D4FAE /* ButtonPressDebouncer.swift */,
				993E64242E4DC654000B362C /* MemoryManager.swift */,
				9968DE142E532EBF00629ECE /* DebouncedButton.swift */,
				99EE6CEE2E67071800A2F3F3 /* es_final_with_rules.json.gz */,
			);
			sourceTree = "<group>";
		};
		99BA10312E34CF71001E5140 /* Products */ = {
			isa = PBXGroup;
			children = (
				99BA10302E34CF71001E5140 /* RealTime Ai Cam.app */,
				99BA103D2E34CF71001E5140 /* RealTime Ai CamTests.xctest */,
				99BA10472E34CF71001E5140 /* RealTime Ai CamUITests.xctest */,
			);
			name = Products;
			sourceTree = "<group>";
		};
/* End PBXGroup section */

/* Begin PBXNativeTarget section */
		99BA102F2E34CF71001E5140 /* RealTime Ai Cam */ = {
			isa = PBXNativeTarget;
			buildConfigurationList = 99BA10512E34CF71001E5140 /* Build configuration list for PBXNativeTarget "RealTime Ai Cam" */;
			buildPhases = (
				99BA102C2E34CF71001E5140 /* Sources */,
				99BA102D2E34CF71001E5140 /* Frameworks */,
				99BA102E2E34CF71001E5140 /* Resources */,
			);
			buildRules = (
			);
			dependencies = (
			);
			fileSystemSynchronizedGroups = (
				99BA10322E34CF71001E5140 /* project 601 */,
				99D302382E3CE3D200CAF01A /* Resources */,
			);
			name = "RealTime Ai Cam";
			packageProductDependencies = (
			);
			productName = "project 601";
			productReference = 99BA10302E34CF71001E5140 /* RealTime Ai Cam.app */;
			productType = "com.apple.product-type.application";
		};
		99BA103C2E34CF71001E5140 /* RealTime Ai CamTests */ = {
			isa = PBXNativeTarget;
			buildConfigurationList = 99BA10542E34CF71001E5140 /* Build configuration list for PBXNativeTarget "RealTime Ai CamTests" */;
			buildPhases = (
				99BA10392E34CF71001E5140 /* Sources */,
				99BA103A2E34CF71001E5140 /* Frameworks */,
				99BA103B2E34CF71001E5140 /* Resources */,
			);
			buildRules = (
			);
			dependencies = (
				99BA103F2E34CF71001E5140 /* PBXTargetDependency */,
			);
			fileSystemSynchronizedGroups = (
				99BA10402E34CF71001E5140 /* project 601Tests */,
			);
			name = "RealTime Ai CamTests";
			packageProductDependencies = (
			);
			productName = "project 601Tests";
			productReference = 99BA103D2E34CF71001E5140 /* RealTime Ai CamTests.xctest */;
			productType = "com.apple.product-type.bundle.unit-test";
		};
		99BA10462E34CF71001E5140 /* RealTime Ai CamUITests */ = {
			isa = PBXNativeTarget;
			buildConfigurationList = 99BA10572E34CF71001E5140 /* Build configuration list for PBXNativeTarget "RealTime Ai CamUITests" */;
			buildPhases = (
				99BA10432E34CF71001E5140 /* Sources */,
				99BA10442E34CF71001E5140 /* Frameworks */,
				99BA10452E34CF71001E5140 /* Resources */,
			);
			buildRules = (
			);
			dependencies = (
				99BA10492E34CF71001E5140 /* PBXTargetDependency */,
			);
			fileSystemSynchronizedGroups = (
				99BA104A2E34CF71001E5140 /* project 601UITests */,
			);
			name = "RealTime Ai CamUITests";
			packageProductDependencies = (
			);
			productName = "project 601UITests";
			productReference = 99BA10472E34CF71001E5140 /* RealTime Ai CamUITests.xctest */;
			productType = "com.apple.product-type.bundle.ui-testing";
		};
/* End PBXNativeTarget section */

/* Begin PBXProject section */
		99BA10282E34CF71001E5140 /* Project object */ = {
			isa = PBXProject;
			attributes = {
				BuildIndependentTargetsInParallel = 1;
				LastSwiftUpdateCheck = 2600;
				LastUpgradeCheck = 2610;
				TargetAttributes = {
					99BA102F2E34CF71001E5140 = {
						CreatedOnToolsVersion = 26.0;
					};
					99BA103C2E34CF71001E5140 = {
						CreatedOnToolsVersion = 26.0;
						TestTargetID = 99BA102F2E34CF71001E5140;
					};
					99BA10462E34CF71001E5140 = {
						CreatedOnToolsVersion = 26.0;
						TestTargetID = 99BA102F2E34CF71001E5140;
					};
				};
			};
			buildConfigurationList = 99BA102B2E34CF71001E5140 /* Build configuration list for PBXProject "RealTime Ai Cam" */;
			developmentRegion = en;
			hasScannedForEncodings = 0;
			knownRegions = (
				en,
				Base,
			);
			mainGroup = 99BA10272E34CF71001E5140;
			minimizedProjectReferenceProxies = 1;
			preferredProjectObjectVersion = 77;
			productRefGroup = 99BA10312E34CF71001E5140 /* Products */;
			projectDirPath = "";
			projectRoot = "";
			targets = (
				99BA102F2E34CF71001E5140 /* RealTime Ai Cam */,
				99BA103C2E34CF71001E5140 /* RealTime Ai CamTests */,
				99BA10462E34CF71001E5140 /* RealTime Ai CamUITests */,
			);
		};
/* End PBXProject section */

/* Begin PBXResourcesBuildPhase section */
		99BA102E2E34CF71001E5140 /* Resources */ = {
			isa = PBXResourcesBuildPhase;
			buildActionMask = 2147483647;
			files = (
				99EE6CEF2E67071800A2F3F3 /* es_final_with_rules.json.gz in Resources */,
				99D7E6A72E47639F007BBFB7 /* PrivacyInfo.xcprivacy in Resources */,
				990EECF12E489EBD00B7CD8C /* LICENSE in Resources */,
				996B92FF2E3894BF00AE22AA /* class_names.txt in Resources */,
			);
			runOnlyForDeploymentPostprocessing = 0;
		};
		99BA103B2E34CF71001E5140 /* Resources */ = {
			isa = PBXResourcesBuildPhase;
			buildActionMask = 2147483647;
			files = (
			);
			runOnlyForDeploymentPostprocessing = 0;
		};
		99BA10452E34CF71001E5140 /* Resources */ = {
			isa = PBXResourcesBuildPhase;
			buildActionMask = 2147483647;
			files = (
			);
			runOnlyForDeploymentPostprocessing = 0;
		};
/* End PBXResourcesBuildPhase section */

/* Begin PBXSourcesBuildPhase section */
		99BA102C2E34CF71001E5140 /* Sources */ = {
			isa = PBXSourcesBuildPhase;
			buildActionMask = 2147483647;
			files = (
				9900AAAA2E680000000000AA /* ObjectTracker.swift in Sources */,
				99BA105D2E34CFD7001E5140 /* YOLOv8Processor.swift in Sources */,
				996B93102E38A26B00AE22AA /* Shader.metal in Sources */,
				996522532E3D8D680025D82D /* SettingsOverlayView.swift in Sources */,
				996F5DE02E41DF120087DEE0 /* TorchControlView.swift in Sources */,
				99BA10612E34D126001E5140 /* YOLODetection.swift in Sources */,
				99D3023C2E3CF34A00CAF01A /* SpeechManager.swift in Sources */,
				998D7F862E47856C002A9A09 /* LiDARManager.swift in Sources */,
				996869022E513779001898DB /* ResourceManager.swift in Sources */,
				9998FD942E3B5AA6006F41F7 /* CameraPreview.swift in Sources */,
				993E64252E4DC654000B362C /* MemoryManager.swift in Sources */,
				99BA10632E34D13E001E5140 /* DetectionOverlayView.swift in Sources */,
				99489BB42E4724F600FFB06A /* DevicePerf.swift in Sources */,
				9998FD8C2E3B4E85006F41F7 /* LiveOCRView.swift in Sources */,
				9968DE152E532EBF00629ECE /* DebouncedButton.swift in Sources */,
				996AFA342E4D7D6C009D4FAE /* ButtonPressDebouncer.swift in Sources */,
				99A151702E4F435D0009A542 /* ObjectDetectionView.swift in Sources */,
				9919DE3D2E50A7BC0053038B /* SpanishTranslationEngine.swift in Sources */,
				99502F922E5099530064DD92 /* HomeView.swift in Sources */,
				99A922CA2E39BA0E0070BDB5 /* yolov8n_oiv7.mlpackage in Sources */,
				99502F942E509A440064DD92 /* UIComponents.swift in Sources */,
				99BA105F2E34D10B001E5140 /* CameraViewModel.swift in Sources */,
				99BA10652E34D251001E5140 /* CameraView.swift in Sources */,
				99D77E892E4359E8005583DC /* AppInstructionsView.swift in Sources */,
				9998FD862E3B4209006F41F7 /* LiveOCRViewModel.swift in Sources */,
				996B930E2E38A24400AE22AA /* MetalImageResizer.swift in Sources */,
			);
			runOnlyForDeploymentPostprocessing = 0;
		};
		99BA10392E34CF71001E5140 /* Sources */ = {
			isa = PBXSourcesBuildPhase;
			buildActionMask = 2147483647;
			files = (
			);
			runOnlyForDeploymentPostprocessing = 0;
		};
		99BA10432E34CF71001E5140 /* Sources */ = {
			isa = PBXSourcesBuildPhase;
			buildActionMask = 2147483647;
			files = (
			);
			runOnlyForDeploymentPostprocessing = 0;
		};
/* End PBXSourcesBuildPhase section */

/* Begin PBXTargetDependency section */
		99BA103F2E34CF71001E5140 /* PBXTargetDependency */ = {
			isa = PBXTargetDependency;
			target = 99BA102F2E34CF71001E5140 /* RealTime Ai Cam */;
			targetProxy = 99BA103E2E34CF71001E5140 /* PBXContainerItemProxy */;
		};
		99BA10492E34CF71001E5140 /* PBXTargetDependency */ = {
			isa = PBXTargetDependency;
			target = 99BA102F2E34CF71001E5140 /* RealTime Ai Cam */;
			targetProxy = 99BA10482E34CF71001E5140 /* PBXContainerItemProxy */;
		};
/* End PBXTargetDependency section */

/* Begin XCBuildConfiguration section */
		99BA104F2E34CF71001E5140 /* Debug */ = {
			isa = XCBuildConfiguration;
			buildSettings = {
				ALWAYS_SEARCH_USER_PATHS = NO;
				ASSETCATALOG_COMPILER_GENERATE_SWIFT_ASSET_SYMBOL_EXTENSIONS = YES;
				CLANG_ANALYZER_NONNULL = YES;
				CLANG_ANALYZER_NUMBER_OBJECT_CONVERSION = YES_AGGRESSIVE;
				CLANG_CXX_LANGUAGE_STANDARD = "gnu++20";
				CLANG_ENABLE_MODULES = YES;
				CLANG_ENABLE_OBJC_ARC = YES;
				CLANG_ENABLE_OBJC_WEAK = YES;
				CLANG_WARN_BLOCK_CAPTURE_AUTORELEASING = YES;
				CLANG_WARN_BOOL_CONVERSION = YES;
				CLANG_WARN_COMMA = YES;
				CLANG_WARN_CONSTANT_CONVERSION = YES;
				CLANG_WARN_DEPRECATED_OBJC_IMPLEMENTATIONS = YES;
				CLANG_WARN_DIRECT_OBJC_ISA_USAGE = YES_ERROR;
				CLANG_WARN_DOCUMENTATION_COMMENTS = YES;
				CLANG_WARN_EMPTY_BODY = YES;
				CLANG_WARN_ENUM_CONVERSION = YES;
				CLANG_WARN_INFINITE_RECURSION = YES;
				CLANG_WARN_INT_CONVERSION = YES;
				CLANG_WARN_NON_LITERAL_NULL_CONVERSION = YES;
				CLANG_WARN_OBJC_IMPLICIT_RETAIN_SELF = YES;
				CLANG_WARN_OBJC_LITERAL_CONVERSION = YES;
				CLANG_WARN_OBJC_ROOT_CLASS = YES_ERROR;
				CLANG_WARN_QUOTED_INCLUDE_IN_FRAMEWORK_HEADER = YES;
				CLANG_WARN_RANGE_LOOP_ANALYSIS = YES;
				CLANG_WARN_STRICT_PROTOTYPES = NO;
				CLANG_WARN_SUSPICIOUS_MOVE = YES;
				CLANG_WARN_UNGUARDED_AVAILABILITY = YES_AGGRESSIVE;
				CLANG_WARN_UNREACHABLE_CODE = YES;
				CLANG_WARN__DUPLICATE_METHOD_MATCH = YES;
				COPY_PHASE_STRIP = NO;
				DEBUG_INFORMATION_FORMAT = dwarf;
				DEVELOPMENT_TEAM = B9RA6QH559;
				ENABLE_STRICT_OBJC_MSGSEND = NO;
				ENABLE_TESTABILITY = YES;
				ENABLE_USER_SCRIPT_SANDBOXING = YES;
				GCC_C_LANGUAGE_STANDARD = gnu17;
				GCC_DYNAMIC_NO_PIC = NO;
				GCC_NO_COMMON_BLOCKS = YES;
				GCC_OPTIMIZATION_LEVEL = 0;
				GCC_PREPROCESSOR_DEFINITIONS = (
					"DEBUG=1",
					"$(inherited)",
				);
				GCC_STRICT_ALIASING = NO;
				GCC_WARN_64_TO_32_BIT_CONVERSION = YES;
				GCC_WARN_ABOUT_RETURN_TYPE = YES_ERROR;
				GCC_WARN_UNDECLARED_SELECTOR = YES;
				GCC_WARN_UNINITIALIZED_AUTOS = YES_AGGRESSIVE;
				GCC_WARN_UNUSED_FUNCTION = YES;
				GCC_WARN_UNUSED_VARIABLE = YES;
				IPHONEOS_DEPLOYMENT_TARGET = 16.0;
				LOCALIZATION_PREFERS_STRING_CATALOGS = YES;
				MTL_ENABLE_DEBUG_INFO = INCLUDE_SOURCE;
				MTL_FAST_MATH = YES;
				ONLY_ACTIVE_ARCH = YES;
				SDKROOT = iphoneos;
				STRING_CATALOG_GENERATE_SYMBOLS = YES;
				SWIFT_ACTIVE_COMPILATION_CONDITIONS = "DEBUG $(inherited)";
				SWIFT_OPTIMIZATION_LEVEL = "-Onone";
				SWIFT_VERSION = 5.0;
			};
			name = Debug;
		};
		99BA10502E34CF71001E5140 /* Release */ = {
			isa = XCBuildConfiguration;
			buildSettings = {
				ALWAYS_SEARCH_USER_PATHS = NO;
				ASSETCATALOG_COMPILER_GENERATE_SWIFT_ASSET_SYMBOL_EXTENSIONS = YES;
				CLANG_ANALYZER_NONNULL = YES;
				CLANG_ANALYZER_NUMBER_OBJECT_CONVERSION = YES_AGGRESSIVE;
				CLANG_CXX_LANGUAGE_STANDARD = "gnu++20";
				CLANG_ENABLE_MODULES = YES;
				CLANG_ENABLE_OBJC_ARC = YES;
				CLANG_ENABLE_OBJC_WEAK = YES;
				CLANG_WARN_BLOCK_CAPTURE_AUTORELEASING = YES;
				CLANG_WARN_BOOL_CONVERSION = YES;
				CLANG_WARN_COMMA = YES;
				CLANG_WARN_CONSTANT_CONVERSION = YES;
				CLANG_WARN_DEPRECATED_OBJC_IMPLEMENTATIONS = YES;
				CLANG_WARN_DIRECT_OBJC_ISA_USAGE = YES_ERROR;
				CLANG_WARN_DOCUMENTATION_COMMENTS = YES;
				CLANG_WARN_EMPTY_BODY = YES;
				CLANG_WARN_ENUM_CONVERSION = YES;
				CLANG_WARN_INFINITE_RECURSION = YES;
				CLANG_WARN_INT_CONVERSION = YES;
				CLANG_WARN_NON_LITERAL_NULL_CONVERSION = YES;
				CLANG_WARN_OBJC_IMPLICIT_RETAIN_SELF = YES;
				CLANG_WARN_OBJC_LITERAL_CONVERSION = YES;
				CLANG_WARN_OBJC_ROOT_CLASS = YES_ERROR;
				CLANG_WARN_QUOTED_INCLUDE_IN_FRAMEWORK_HEADER = YES;
				CLANG_WARN_RANGE_LOOP_ANALYSIS = YES;
				CLANG_WARN_STRICT_PROTOTYPES = NO;
				CLANG_WARN_SUSPICIOUS_MOVE = YES;
				CLANG_WARN_UNGUARDED_AVAILABILITY = YES_AGGRESSIVE;
				CLANG_WARN_UNREACHABLE_CODE = YES;
				CLANG_WARN__DUPLICATE_METHOD_MATCH = YES;
				COPY_PHASE_STRIP = NO;
				DEBUG_INFORMATION_FORMAT = "dwarf-with-dsym";
				DEVELOPMENT_TEAM = B9RA6QH559;
				ENABLE_NS_ASSERTIONS = NO;
				ENABLE_STRICT_OBJC_MSGSEND = NO;
				ENABLE_TESTABILITY = YES;
				ENABLE_USER_SCRIPT_SANDBOXING = YES;
				GCC_C_LANGUAGE_STANDARD = gnu17;
				GCC_NO_COMMON_BLOCKS = YES;
				GCC_STRICT_ALIASING = NO;
				GCC_WARN_64_TO_32_BIT_CONVERSION = YES;
				GCC_WARN_ABOUT_RETURN_TYPE = YES_ERROR;
				GCC_WARN_UNDECLARED_SELECTOR = YES;
				GCC_WARN_UNINITIALIZED_AUTOS = YES_AGGRESSIVE;
				GCC_WARN_UNUSED_FUNCTION = YES;
				GCC_WARN_UNUSED_VARIABLE = YES;
				IPHONEOS_DEPLOYMENT_TARGET = 16.0;
				LOCALIZATION_PREFERS_STRING_CATALOGS = YES;
				MTL_ENABLE_DEBUG_INFO = NO;
				MTL_FAST_MATH = YES;
				ONLY_ACTIVE_ARCH = YES;
				SDKROOT = iphoneos;
				STRING_CATALOG_GENERATE_SYMBOLS = YES;
				SWIFT_COMPILATION_MODE = wholemodule;
				SWIFT_VERSION = 5.0;
				VALIDATE_PRODUCT = YES;
			};
			name = Release;
		};
		99BA10522E34CF71001E5140 /* Debug */ = {
			isa = XCBuildConfiguration;
			buildSettings = {
				ASSETCATALOG_COMPILER_APPICON_NAME = AppIcon;
				ASSETCATALOG_COMPILER_GLOBAL_ACCENT_COLOR_NAME = AccentColor;
				CODE_SIGN_STYLE = Automatic;
				CURRENT_PROJECT_VERSION = 18;
				DEVELOPMENT_TEAM = B9RA6QH559;
				ENABLE_PREVIEWS = YES;
				ENABLE_STRICT_OBJC_MSGSEND = NO;
				GCC_STRICT_ALIASING = NO;
				GENERATE_INFOPLIST_FILE = YES;
				INFOPLIST_KEY_NSCameraUsageDescription = "This app uses the camera to detect objects in real-time, perform OCR text recognition, and translate text. No images are stored or transmitted";
				INFOPLIST_KEY_UIApplicationSceneManifest_Generation = YES;
				INFOPLIST_KEY_UIApplicationSupportsIndirectInputEvents = YES;
				INFOPLIST_KEY_UILaunchScreen_Generation = YES;
				INFOPLIST_KEY_UISupportedInterfaceOrientations = UIInterfaceOrientationPortrait;
				INFOPLIST_KEY_UISupportedInterfaceOrientations_iPad = "UIInterfaceOrientationLandscapeLeft UIInterfaceOrientationLandscapeRight UIInterfaceOrientationPortrait UIInterfaceOrientationPortraitUpsideDown";
				IPHONEOS_DEPLOYMENT_TARGET = 16.0;
				LD_RUNPATH_SEARCH_PATHS = (
					"$(inherited)",
					"@executable_path/Frameworks",
				);
				MARKETING_VERSION = 1.0.15;
				MTL_OPTIMIZATION_LEVEL = "-Osize";
				PRODUCT_BUNDLE_IDENTIFIER = "B9RA6QH559.project-601";
				PRODUCT_NAME = "$(TARGET_NAME)";
				STRING_CATALOG_GENERATE_SYMBOLS = YES;
				SWIFT_APPROACHABLE_CONCURRENCY = No;
				SWIFT_DEFAULT_ACTOR_ISOLATION = None;
				SWIFT_EMIT_LOC_STRINGS = YES;
				SWIFT_UPCOMING_FEATURE_MEMBER_IMPORT_VISIBILITY = YES;
				SWIFT_VERSION = 5.0;
				TARGETED_DEVICE_FAMILY = "1,2";
			};
			name = Debug;
		};
		99BA10532E34CF71001E5140 /* Release */ = {
			isa = XCBuildConfiguration;
			buildSettings = {
				ASSETCATALOG_COMPILER_APPICON_NAME = AppIcon;
				ASSETCATALOG_COMPILER_GLOBAL_ACCENT_COLOR_NAME = AccentColor;
				CODE_SIGN_STYLE = Automatic;
				CURRENT_PROJECT_VERSION = 18;
				DEVELOPMENT_TEAM = B9RA6QH559;
				ENABLE_PREVIEWS = YES;
				ENABLE_STRICT_OBJC_MSGSEND = NO;
				GCC_STRICT_ALIASING = NO;
				GENERATE_INFOPLIST_FILE = YES;
				INFOPLIST_KEY_NSCameraUsageDescription = "This app uses the camera to detect objects in real-time, perform OCR text recognition, and translate text. No images are stored or transmitted";
				INFOPLIST_KEY_UIApplicationSceneManifest_Generation = YES;
				INFOPLIST_KEY_UIApplicationSupportsIndirectInputEvents = YES;
				INFOPLIST_KEY_UILaunchScreen_Generation = YES;
				INFOPLIST_KEY_UISupportedInterfaceOrientations = UIInterfaceOrientationPortrait;
				INFOPLIST_KEY_UISupportedInterfaceOrientations_iPad = "UIInterfaceOrientationLandscapeLeft UIInterfaceOrientationLandscapeRight UIInterfaceOrientationPortrait UIInterfaceOrientationPortraitUpsideDown";
				IPHONEOS_DEPLOYMENT_TARGET = 16.0;
				LD_RUNPATH_SEARCH_PATHS = (
					"$(inherited)",
					"@executable_path/Frameworks",
				);
				MARKETING_VERSION = 1.0.15;
				MTL_OPTIMIZATION_LEVEL = "-Osize";
				PRODUCT_BUNDLE_IDENTIFIER = "B9RA6QH559.project-601";
				PRODUCT_NAME = "$(TARGET_NAME)";
				STRING_CATALOG_GENERATE_SYMBOLS = YES;
				SWIFT_APPROACHABLE_CONCURRENCY = No;
				SWIFT_DEFAULT_ACTOR_ISOLATION = None;
				SWIFT_EMIT_LOC_STRINGS = YES;
				SWIFT_UPCOMING_FEATURE_MEMBER_IMPORT_VISIBILITY = YES;
				SWIFT_VERSION = 5.0;
				TARGETED_DEVICE_FAMILY = "1,2";
			};
			name = Release;
		};
		99BA10552E34CF71001E5140 /* Debug */ = {
			isa = XCBuildConfiguration;
			buildSettings = {
				BUNDLE_LOADER = "$(TEST_HOST)";
				CODE_SIGN_STYLE = Automatic;
				CURRENT_PROJECT_VERSION = 2;
				DEVELOPMENT_TEAM = B9RA6QH559;
				GENERATE_INFOPLIST_FILE = YES;
				IPHONEOS_DEPLOYMENT_TARGET = 26.0;
				MARKETING_VERSION = 1.0;
				PRODUCT_BUNDLE_IDENTIFIER = "B9RA6QH559.project-601Tests";
				PRODUCT_NAME = "$(TARGET_NAME)";
				STRING_CATALOG_GENERATE_SYMBOLS = NO;
				SWIFT_APPROACHABLE_CONCURRENCY = YES;
				SWIFT_EMIT_LOC_STRINGS = NO;
				SWIFT_UPCOMING_FEATURE_MEMBER_IMPORT_VISIBILITY = YES;
				SWIFT_VERSION = 5.0;
				TARGETED_DEVICE_FAMILY = "1,2";
				TEST_HOST = "$(BUILT_PRODUCTS_DIR)/RealTime Ai Cam.app/$(BUNDLE_EXECUTABLE_FOLDER_PATH)/RealTime Ai Cam";
			};
			name = Debug;
		};
		99BA10562E34CF71001E5140 /* Release */ = {
			isa = XCBuildConfiguration;
			buildSettings = {
				BUNDLE_LOADER = "$(TEST_HOST)";
				CODE_SIGN_STYLE = Automatic;
				CURRENT_PROJECT_VERSION = 2;
				DEVELOPMENT_TEAM = B9RA6QH559;
				GENERATE_INFOPLIST_FILE = YES;
				IPHONEOS_DEPLOYMENT_TARGET = 26.0;
				MARKETING_VERSION = 1.0;
				PRODUCT_BUNDLE_IDENTIFIER = "B9RA6QH559.project-601Tests";
				PRODUCT_NAME = "$(TARGET_NAME)";
				STRING_CATALOG_GENERATE_SYMBOLS = NO;
				SWIFT_APPROACHABLE_CONCURRENCY = YES;
				SWIFT_EMIT_LOC_STRINGS = NO;
				SWIFT_UPCOMING_FEATURE_MEMBER_IMPORT_VISIBILITY = YES;
				SWIFT_VERSION = 5.0;
				TARGETED_DEVICE_FAMILY = "1,2";
				TEST_HOST = "$(BUILT_PRODUCTS_DIR)/RealTime Ai Cam.app/$(BUNDLE_EXECUTABLE_FOLDER_PATH)/RealTime Ai Cam";
			};
			name = Release;
		};
		99BA10582E34CF71001E5140 /* Debug */ = {
			isa = XCBuildConfiguration;
			buildSettings = {
				CODE_SIGN_STYLE = Automatic;
				CURRENT_PROJECT_VERSION = 2;
				DEVELOPMENT_TEAM = B9RA6QH559;
				GENERATE_INFOPLIST_FILE = YES;
				MARKETING_VERSION = 1.0;
				PRODUCT_BUNDLE_IDENTIFIER = "B9RA6QH559.project-601UITests";
				PRODUCT_NAME = "$(TARGET_NAME)";
				STRING_CATALOG_GENERATE_SYMBOLS = NO;
				SWIFT_APPROACHABLE_CONCURRENCY = YES;
				SWIFT_EMIT_LOC_STRINGS = NO;
				SWIFT_UPCOMING_FEATURE_MEMBER_IMPORT_VISIBILITY = YES;
				SWIFT_VERSION = 5.0;
				TARGETED_DEVICE_FAMILY = "1,2";
				TEST_TARGET_NAME = "project 601";
			};
			name = Debug;
		};
		99BA10592E34CF71001E5140 /* Release */ = {
			isa = XCBuildConfiguration;
			buildSettings = {
				CODE_SIGN_STYLE = Automatic;
				CURRENT_PROJECT_VERSION = 2;
				DEVELOPMENT_TEAM = B9RA6QH559;
				GENERATE_INFOPLIST_FILE = YES;
				MARKETING_VERSION = 1.0;
				PRODUCT_BUNDLE_IDENTIFIER = "B9RA6QH559.project-601UITests";
				PRODUCT_NAME = "$(TARGET_NAME)";
				STRING_CATALOG_GENERATE_SYMBOLS = NO;
				SWIFT_APPROACHABLE_CONCURRENCY = YES;
				SWIFT_EMIT_LOC_STRINGS = NO;
				SWIFT_UPCOMING_FEATURE_MEMBER_IMPORT_VISIBILITY = YES;
				SWIFT_VERSION = 5.0;
				TARGETED_DEVICE_FAMILY = "1,2";
				TEST_TARGET_NAME = "project 601";
			};
			name = Release;
		};
/* End XCBuildConfiguration section */

/* Begin XCConfigurationList section */
		99BA102B2E34CF71001E5140 /* Build configuration list for PBXProject "RealTime Ai Cam" */ = {
			isa = XCConfigurationList;
			buildConfigurations = (
				99BA104F2E34CF71001E5140 /* Debug */,
				99BA10502E34CF71001E5140 /* Release */,
			);
			defaultConfigurationIsVisible = 0;
			defaultConfigurationName = Debug;
		};
		99BA10512E34CF71001E5140 /* Build configuration list for PBXNativeTarget "RealTime Ai Cam" */ = {
			isa = XCConfigurationList;
			buildConfigurations = (
				99BA10522E34CF71001E5140 /* Debug */,
				99BA10532E34CF71001E5140 /* Release */,
			);
			defaultConfigurationIsVisible = 0;
			defaultConfigurationName = Debug;
		};
		99BA10542E34CF71001E5140 /* Build configuration list for PBXNativeTarget "RealTime Ai CamTests" */ = {
			isa = XCConfigurationList;
			buildConfigurations = (
				99BA10552E34CF71001E5140 /* Debug */,
				99BA10562E34CF71001E5140 /* Release */,
			);
			defaultConfigurationIsVisible = 0;
			defaultConfigurationName = Debug;
		};
		99BA10572E34CF71001E5140 /* Build configuration list for PBXNativeTarget "RealTime Ai CamUITests" */ = {
			isa = XCConfigurationList;
			buildConfigurations = (
				99BA10582E34CF71001E5140 /* Debug */,
				99BA10592E34CF71001E5140 /* Release */,
			);
			defaultConfigurationIsVisible = 0;
			defaultConfigurationName = Debug;
		};
/* End XCConfigurationList section */
	};
	rootObject = 99BA10282E34CF71001E5140 /* Project object */;
}
